
Microsoft Visual Studio Solution File, Format Version 12.00
# Visual Studio Version 17
VisualStudioVersion = 17.8.34601.278
MinimumVisualStudioVersion = 10.0.40219.1
Project("{FAE04EC0-301F-11D3-BF4B-00C04F79EFBC}") = "PetApi", "src\PetApi\PetApi.csproj", "{66835BEA-52B0-4090-A132-72779363B507}"
EndProject
Project("{FAE04EC0-301F-11D3-BF4B-00C04F79EFBC}") = "PetBusiness", "src\PetBusiness\PetBusiness.csproj", "{797AF093-D592-48B8-BF40-102BB7E8996A}"
EndProject
Project("{FAE04EC0-301F-11D3-BF4B-00C04F79EFBC}") = "PetData", "src\PetData\PetData.csproj", "{4580945F-166E-42CD-886A-6A92E0E394A0}"
EndProject
Project("{FAE04EC0-301F-11D3-BF4B-00C04F79EFBC}") = "PetShared", "src\PetShared\PetShared.csproj", "{482FC779-8C5A-48FB-AE4D-1BF580A335A9}"
EndProject
Global
	GlobalSection(SolutionConfigurationPlatforms) = preSolution
		Debug|Any CPU = Debug|Any CPU
		Release|Any CPU = Release|Any CPU
	EndGlobalSection
	GlobalSection(ProjectConfigurationPlatforms) = postSolution
		{66835BEA-52B0-4090-A132-72779363B507}.Debug|Any CPU.ActiveCfg = Debug|Any CPU
		{66835BEA-52B0-4090-A132-72779363B507}.Debug|Any CPU.Build.0 = Debug|Any CPU
		{66835BEA-52B0-4090-A132-72779363B507}.Release|Any CPU.ActiveCfg = Release|Any CPU
		{66835BEA-52B0-4090-A132-72779363B507}.Release|Any CPU.Build.0 = Release|Any CPU
		{797AF093-D592-48B8-BF40-102BB7E8996A}.Debug|Any CPU.ActiveCfg = Debug|Any CPU
		{797AF093-D592-48B8-BF40-102BB7E8996A}.Debug|Any CPU.Build.0 = Debug|Any CPU
		{797AF093-D592-48B8-BF40-102BB7E8996A}.Release|Any CPU.ActiveCfg = Release|Any CPU
		{797AF093-D592-48B8-BF40-102BB7E8996A}.Release|Any CPU.Build.0 = Release|Any CPU
		{4580945F-166E-42CD-886A-6A92E0E394A0}.Debug|Any CPU.ActiveCfg = Debug|Any CPU
		{4580945F-166E-42CD-886A-6A92E0E394A0}.Debug|Any CPU.Build.0 = Debug|Any CPU
		{4580945F-166E-42CD-886A-6A92E0E394A0}.Release|Any CPU.ActiveCfg = Release|Any CPU
		{4580945F-166E-42CD-886A-6A92E0E394A0}.Release|Any CPU.Build.0 = Release|Any CPU
		{482FC779-8C5A-48FB-AE4D-1BF580A335A9}.Debug|Any CPU.ActiveCfg = Debug|Any CPU
		{482FC779-8C5A-48FB-AE4D-1BF580A335A9}.Debug|Any CPU.Build.0 = Debug|Any CPU
		{482FC779-8C5A-48FB-AE4D-1BF580A335A9}.Release|Any CPU.ActiveCfg = Release|Any CPU
		{482FC779-8C5A-48FB-AE4D-1BF580A335A9}.Release|Any CPU.Build.0 = Release|Any CPU
	EndGlobalSection
	GlobalSection(SolutionProperties) = preSolution
		HideSolutionNode = FALSE
	EndGlobalSection
	GlobalSection(ExtensibilityGlobals) = postSolution
		SolutionGuid = {78B036B5-25E2-476E-BCE5-15C83858E6E7}
	EndGlobalSection
EndGlobal
